// !$*UTF8*$!
{
	archiveVersion = 1;
	classes = {
	};
	objectVersion = 77;
	objects = {

/* Begin PBXBuildFile section */
		D222647C38D1EB43A9EE692E /* SmartRingWatcher Widget.appex in Embed Foundation Extensions */ = {isa = PBXBuildFile; fileRef = 9DF0A45ECE4E959812AC9DFC /* SmartRingWatcher Widget.appex */; settings = {ATTRIBUTES = (RemoveHeadersOnCopy, ); }; };
/* End PBXBuildFile section */

/* Begin PBXContainerItemProxy section */
		72875DA3CD07BA5396A21EBD /* PBXContainerItemProxy */ = {
			isa = PBXContainerItemProxy;
			containerPortal = 4DD9AF86443E9788D89C4975 /* Project object */;
			proxyType = 1;
			remoteGlobalIDString = 807DA29A9A2CFA681A2F1352;
			remoteInfo = "SmartRingWatcher Widget";
		};
/* End PBXContainerItemProxy section */

/* Begin PBXCopyFilesBuildPhase section */
		FA993299C65EE6252CF5CA51 /* Embed Foundation Extensions */ = {
			isa = PBXCopyFilesBuildPhase;
			buildActionMask = 2147483647;
			dstPath = "";
			dstSubfolderSpec = 13;
			files = (
				D222647C38D1EB43A9EE692E /* SmartRingWatcher Widget.appex in Embed Foundation Extensions */,
			);
			name = "Embed Foundation Extensions";
			runOnlyForDeploymentPostprocessing = 0;
		};
/* End PBXCopyFilesBuildPhase section */

/* Begin PBXFileReference section */
		EA143DA0C48116F825AFF912 /* SmartRingWatcher Watch App.app */ = {isa = PBXFileReference; explicitFileType = wrapper.application; includeInIndex = 0; path = "SmartRingWatcher Watch App.app"; sourceTree = BUILT_PRODUCTS_DIR; };
		9DF0A45ECE4E959812AC9DFC /* SmartRingWatcher Widget.appex */ = {isa = PBXFileReference; explicitFileType = "wrapper.app-extension"; includeInIndex = 0; path = "SmartRingWatcher Widget.appex"; sourceTree = BUILT_PRODUCTS_DIR; };
/* End PBXFileReference section */

/* Begin PBXFileSystemSynchronizedBuildFileExceptionSet section */
		222AF623DED93B565BDD4AAF /* Exceptions for "SmartRingWatcher Watch App" folder in "SmartRingWatcher Watch App" target */ = {
			isa = PBXFileSystemSynchronizedBuildFileExceptionSet;
			membershipExceptions = (
				Info.plist,
				SmartRingWatcher.entitlements,
			);
			target = 8FF67FE97A59D14757C36C36 /* SmartRingWatcher Watch App */;
		};
		7176D95125C1659A39D4E814 /* Exceptions for "SmartRingWatcher Widget" folder in "SmartRingWatcher Widget" target */ = {
			isa = PBXFileSystemSynchronizedBuildFileExceptionSet;
			membershipExceptions = (
				Info.plist,
				"SmartRingWatcher Widget.entitlements",
			);
			target = 807DA29A9A2CFA681A2F1352 /* SmartRingWatcher Widget */;
		};
/* End PBXFileSystemSynchronizedBuildFileExceptionSet section */

/* Begin PBXFileSystemSynchronizedRootGroup section */
		EF004D0600C1AC389CDFA574 /* SmartRingWatcher Watch App */ = {isa = PBXFileSystemSynchronizedRootGroup; exceptions = (222AF623DED93B565BDD4AAF /* Exceptions for "SmartRingWatcher Watch App" folder in "SmartRingWatcher Watch App" target */, ); path = "SmartRingWatcher Watch App"; sourceTree = "<group>"; };
		E23EDE435D7A15C46DF65BFF /* RingProtocol */ = {isa = PBXFileSystemSynchronizedRootGroup; path = RingProtocol; sourceTree = "<group>"; };
		44679FE8392600150CCEC8DE /* Shared */ = {isa = PBXFileSystemSynchronizedRootGroup; path = Shared; sourceTree = "<group>"; };
		289CAF918B720288505F7B22 /* SmartRingWatcher Widget */ = {isa = PBXFileSystemSynchronizedRootGroup; exceptions = (7176D95125C1659A39D4E814 /* Exceptions for "SmartRingWatcher Widget" folder in "SmartRingWatcher Widget" target */, ); path = "SmartRingWatcher Widget"; sourceTree = "<group>"; };
/* End PBXFileSystemSynchronizedRootGroup section */

/* Begin PBXFrameworksBuildPhase section */
		69131B2BD2BC41CD9484F95E /* Frameworks */ = {
			isa = PBXFrameworksBuildPhase;
			buildActionMask = 2147483647;
			files = (
			);
			runOnlyForDeploymentPostprocessing = 0;
		};
		8AACD14D7E20F0CF7AD44D6D /* Frameworks */ = {
			isa = PBXFrameworksBuildPhase;
			buildActionMask = 2147483647;
			files = (
			);
			runOnlyForDeploymentPostprocessing = 0;
		};
/* End PBXFrameworksBuildPhase section */

/* Begin PBXGroup section */
		C30640F7951AAC2F4FA13234 = {
			isa = PBXGroup;
			children = (
				EF004D0600C1AC389CDFA574 /* SmartRingWatcher Watch App */,
				289CAF918B720288505F7B22 /* SmartRingWatcher Widget */,
				44679FE8392600150CCEC8DE /* Shared */,
				E23EDE435D7A15C46DF65BFF /* RingProtocol */,
				8729AA77068382F4BE7AE875 /* Products */,
			);
			sourceTree = "<group>";
		};
		8729AA77068382F4BE7AE875 /* Products */ = {
			isa = PBXGroup;
			children = (
				EA143DA0C48116F825AFF912 /* SmartRingWatcher Watch App.app */,
				9DF0A45ECE4E959812AC9DFC /* SmartRingWatcher Widget.appex */,
			);
			name = Products;
			sourceTree = "<group>";
		};
/* End PBXGroup section */

/* Begin PBXNativeTarget section */
		8FF67FE97A59D14757C36C36 /* SmartRingWatcher Watch App */ = {
			isa = PBXNativeTarget;
			buildConfigurationList = D1BB39AEB48976A56F3E6D0C /* Build configuration list for PBXNativeTarget "SmartRingWatcher Watch App" */;
			buildPhases = (
				F9B096411F88BC3B26009AA9 /* Sources */,
				69131B2BD2BC41CD9484F95E /* Frameworks */,
				81AC176AC3CCFDC5B031D09A /* Resources */,
				FA993299C65EE6252CF5CA51 /* Embed Foundation Extensions */,
			);
			buildRules = (
			);
			dependencies = (
				F2D3A05ECD37F00C6F97203D /* PBXTargetDependency */,
			);
			fileSystemSynchronizedGroups = (
				EF004D0600C1AC389CDFA574 /* SmartRingWatcher Watch App */,
				E23EDE435D7A15C46DF65BFF /* RingProtocol */,
				44679FE8392600150CCEC8DE /* Shared */,
			);
			name = "SmartRingWatcher Watch App";
			packageProductDependencies = (
			);
			productName = "SmartRingWatcher Watch App";
			productReference = EA143DA0C48116F825AFF912 /* SmartRingWatcher Watch App.app */;
			productType = "com.apple.product-type.application";
		};
		807DA29A9A2CFA681A2F1352 /* SmartRingWatcher Widget */ = {
			isa = PBXNativeTarget;
			buildConfigurationList = 8586E269B31139BC38461664 /* Build configuration list for PBXNativeTarget "SmartRingWatcher Widget" */;
			buildPhases = (
				95FEC48753B825536EB05A0B /* Sources */,
				8AACD14D7E20F0CF7AD44D6D /* Frameworks */,
				805AD5C1E8CFF162A228EAC3 /* Resources */,
			);
			buildRules = (
			);
			dependencies = (
			);
			fileSystemSynchronizedGroups = (
				289CAF918B720288505F7B22 /* SmartRingWatcher Widget */,
				44679FE8392600150CCEC8DE /* Shared */,
			);
			name = "SmartRingWatcher Widget";
			packageProductDependencies = (
			);
			productName = "SmartRingWatcher Widget";
			productReference = 9DF0A45ECE4E959812AC9DFC /* SmartRingWatcher Widget.appex */;
			productType = "com.apple.product-type.app-extension";
		};
/* End PBXNativeTarget section */

/* Begin PBXProject section */
		4DD9AF86443E9788D89C4975 /* Project object */ = {
			isa = PBXProject;
			attributes = {
				BuildIndependentTargetsInParallel = 1;
				LastSwiftUpdateCheck = 1600;
				LastUpgradeCheck = 1600;
				TargetAttributes = {
					8FF67FE97A59D14757C36C36 = {
						CreatedOnToolsVersion = 16.0;
					};
					807DA29A9A2CFA681A2F1352 = {
						CreatedOnToolsVersion = 16.0;
					};
				};
			};
			buildConfigurationList = BD1C63AF33280BE5F2B9931D /* Build configuration list for PBXProject "SmartRingWatcher" */;
			developmentRegion = en;
			hasScannedForEncodings = 0;
			knownRegions = (
				en,
				Base,
			);
			mainGroup = C30640F7951AAC2F4FA13234;
			minimizedProjectReferenceProxies = 1;
			preferredProjectObjectVersion = 77;
			productRefGroup = 8729AA77068382F4BE7AE875 /* Products */;
			projectDirPath = "";
			projectRoot = "";
			targets = (
				8FF67FE97A59D14757C36C36 /* SmartRingWatcher Watch App */,
				807DA29A9A2CFA681A2F1352 /* SmartRingWatcher Widget */,
			);
		};
/* End PBXProject section */

/* Begin PBXResourcesBuildPhase section */
		81AC176AC3CCFDC5B031D09A /* Resources */ = {
			isa = PBXResourcesBuildPhase;
			buildActionMask = 2147483647;
			files = (
			);
			runOnlyForDeploymentPostprocessing = 0;
		};
		805AD5C1E8CFF162A228EAC3 /* Resources */ = {
			isa = PBXResourcesBuildPhase;
			buildActionMask = 2147483647;
			files = (
			);
			runOnlyForDeploymentPostprocessing = 0;
		};
/* End PBXResourcesBuildPhase section */

/* Begin PBXSourcesBuildPhase section */
		F9B096411F88BC3B26009AA9 /* Sources */ = {
			isa = PBXSourcesBuildPhase;
			buildActionMask = 2147483647;
			files = (
			);
			runOnlyForDeploymentPostprocessing = 0;
		};
		95FEC48753B825536EB05A0B /* Sources */ = {
			isa = PBXSourcesBuildPhase;
			buildActionMask = 2147483647;
			files = (
			);
			runOnlyForDeploymentPostprocessing = 0;
		};
/* End PBXSourcesBuildPhase section */

/* Begin PBXTargetDependency section */
		F2D3A05ECD37F00C6F97203D /* PBXTargetDependency */ = {
			isa = PBXTargetDependency;
			target = 807DA29A9A2CFA681A2F1352 /* SmartRingWatcher Widget */;
			targetProxy = 72875DA3CD07BA5396A21EBD /* PBXContainerItemProxy */;
		};
/* End PBXTargetDependency section */

/* Begin XCBuildConfiguration section */
		0FD23978195C99C14C3732B5 /* Release */ = {
			isa = XCBuildConfiguration;
			buildSettings = {
				ALWAYS_SEARCH_USER_PATHS = NO;
				ASSETCATALOG_COMPILER_GENERATE_SWIFT_ASSET_SYMBOL_EXTENSIONS = YES;
				CLANG_ENABLE_MODULES = YES;
				CLANG_ENABLE_OBJC_ARC = YES;
				COPY_PHASE_STRIP = NO;
				DEBUG_INFORMATION_FORMAT = "dwarf-with-dsym";
				ENABLE_NS_ASSERTIONS = NO;
				ENABLE_STRICT_OBJC_MSGSEND = YES;
				ENABLE_USER_SCRIPT_SANDBOXING = YES;
				GCC_C_LANGUAGE_STANDARD = gnu17;
				GCC_NO_COMMON_BLOCKS = YES;
				LOCALIZATION_PREFERS_STRING_CATALOGS = YES;
				MTL_ENABLE_DEBUG_INFO = NO;
				RING_APP_GROUP = "group.$(RING_BUNDLE_ID_PREFIX)";
				RING_BUNDLE_ID_PREFIX = com.example.SmartRingWatcher;
				SDKROOT = watchos;
				SWIFT_COMPILATION_MODE = wholemodule;
				SWIFT_VERSION = 6.0;
				VALIDATE_PRODUCT = YES;
				WATCHOS_DEPLOYMENT_TARGET = 10.0;
			};
			name = Release;
		};
		3307510454EEBDE421F6866F /* Debug */ = {
			isa = XCBuildConfiguration;
			buildSettings = {
				ALWAYS_SEARCH_USER_PATHS = NO;
				ASSETCATALOG_COMPILER_GENERATE_SWIFT_ASSET_SYMBOL_EXTENSIONS = YES;
				CLANG_ENABLE_MODULES = YES;
				CLANG_ENABLE_OBJC_ARC = YES;
				COPY_PHASE_STRIP = NO;
				DEBUG_INFORMATION_FORMAT = dwarf;
				ENABLE_STRICT_OBJC_MSGSEND = YES;
				ENABLE_TESTABILITY = YES;
				ENABLE_USER_SCRIPT_SANDBOXING = YES;
				GCC_C_LANGUAGE_STANDARD = gnu17;
				GCC_DYNAMIC_NO_PIC = NO;
				GCC_NO_COMMON_BLOCKS = YES;
				GCC_OPTIMIZATION_LEVEL = 0;
				GCC_PREPROCESSOR_DEFINITIONS = (
					"DEBUG=1",
					"$(inherited)",
				);
				LOCALIZATION_PREFERS_STRING_CATALOGS = YES;
				MTL_ENABLE_DEBUG_INFO = INCLUDE_SOURCE;
				ONLY_ACTIVE_ARCH = YES;
				RING_APP_GROUP = "group.$(RING_BUNDLE_ID_PREFIX)";
				RING_BUNDLE_ID_PREFIX = com.example.SmartRingWatcher;
				SDKROOT = watchos;
				SWIFT_ACTIVE_COMPILATION_CONDITIONS = "DEBUG $(inherited)";
				SWIFT_OPTIMIZATION_LEVEL = "-Onone";
				SWIFT_VERSION = 6.0;
				WATCHOS_DEPLOYMENT_TARGET = 10.0;
			};
			name = Debug;
		};
		8132E4AE3C0947D193BD5962 /* Release */ = {
			isa = XCBuildConfiguration;
			buildSettings = {
				CODE_SIGN_ENTITLEMENTS = "SmartRingWatcher Widget/SmartRingWatcher Widget.entitlements";
				CODE_SIGN_STYLE = Automatic;
				CURRENT_PROJECT_VERSION = 1;
				DEVELOPMENT_TEAM = 7RLDYXQTNX;
				ENABLE_PREVIEWS = YES;
				GENERATE_INFOPLIST_FILE = YES;
				INFOPLIST_FILE = "SmartRingWatcher Widget/Info.plist";
				INFOPLIST_KEY_CFBundleDisplayName = SmartRing;
				LD_RUNPATH_SEARCH_PATHS = (
					"$(inherited)",
					"@executable_path/Frameworks",
					"@executable_path/../../Frameworks",
				);
				MARKETING_VERSION = 1.0;
				PRODUCT_BUNDLE_IDENTIFIER = "$(RING_BUNDLE_ID_PREFIX).watchkitapp.widget";
				PRODUCT_NAME = "$(TARGET_NAME)";
				SDKROOT = watchos;
				SKIP_INSTALL = YES;
				SWIFT_EMIT_LOC_STRINGS = YES;
				SWIFT_VERSION = 6.0;
				TARGETED_DEVICE_FAMILY = 4;
				WATCHOS_DEPLOYMENT_TARGET = 10.0;
			};
			name = Release;
		};
		C4BDD8ADDAE59BDC7C4ED455 /* Debug */ = {
			isa = XCBuildConfiguration;
			buildSettings = {
				CODE_SIGN_ENTITLEMENTS = "SmartRingWatcher Widget/SmartRingWatcher Widget.entitlements";
				CODE_SIGN_STYLE = Automatic;
				CURRENT_PROJECT_VERSION = 1;
				DEVELOPMENT_TEAM = 7RLDYXQTNX;
				ENABLE_PREVIEWS = YES;
				GENERATE_INFOPLIST_FILE = YES;
				INFOPLIST_FILE = "SmartRingWatcher Widget/Info.plist";
				INFOPLIST_KEY_CFBundleDisplayName = SmartRing;
				LD_RUNPATH_SEARCH_PATHS = (
					"$(inherited)",
					"@executable_path/Frameworks",
					"@executable_path/../../Frameworks",
				);
				MARKETING_VERSION = 1.0;
				PRODUCT_BUNDLE_IDENTIFIER = "$(RING_BUNDLE_ID_PREFIX).watchkitapp.widget";
				PRODUCT_NAME = "$(TARGET_NAME)";
				SDKROOT = watchos;
				SKIP_INSTALL = YES;
				SWIFT_EMIT_LOC_STRINGS = YES;
				SWIFT_VERSION = 6.0;
				TARGETED_DEVICE_FAMILY = 4;
				WATCHOS_DEPLOYMENT_TARGET = 10.0;
			};
			name = Debug;
		};
		E0663D122ED458CD9A74CB9A /* Release */ = {
			isa = XCBuildConfiguration;
			buildSettings = {
				ASSETCATALOG_COMPILER_APPICON_NAME = AppIcon;
				ASSETCATALOG_COMPILER_GLOBAL_ACCENT_COLOR_NAME = AccentColor;
				CODE_SIGN_ENTITLEMENTS = "SmartRingWatcher Watch App/SmartRingWatcher.entitlements";
				CODE_SIGN_STYLE = Automatic;
				CURRENT_PROJECT_VERSION = 1;
				DEVELOPMENT_TEAM = 7RLDYXQTNX;
				ENABLE_PREVIEWS = YES;
				GENERATE_INFOPLIST_FILE = YES;
				INFOPLIST_FILE = "SmartRingWatcher Watch App/Info.plist";
				INFOPLIST_KEY_CFBundleDisplayName = SmartRing;
				LD_RUNPATH_SEARCH_PATHS = (
					"$(inherited)",
					"@executable_path/Frameworks",
				);
				MARKETING_VERSION = 1.0;
				PRODUCT_BUNDLE_IDENTIFIER = "$(RING_BUNDLE_ID_PREFIX).watchkitapp";
				PRODUCT_NAME = "$(TARGET_NAME)";
				SDKROOT = watchos;
				SWIFT_EMIT_LOC_STRINGS = YES;
				SWIFT_VERSION = 6.0;
				TARGETED_DEVICE_FAMILY = 4;
				WATCHOS_DEPLOYMENT_TARGET = 10.0;
			};
			name = Release;
		};
		F350ADA50AC3AAF20273A4FA /* Debug */ = {
			isa = XCBuildConfiguration;
			buildSettings = {
				ASSETCATALOG_COMPILER_APPICON_NAME = AppIcon;
				ASSETCATALOG_COMPILER_GLOBAL_ACCENT_COLOR_NAME = AccentColor;
				CODE_SIGN_ENTITLEMENTS = "SmartRingWatcher Watch App/SmartRingWatcher.entitlements";
				CODE_SIGN_STYLE = Automatic;
				CURRENT_PROJECT_VERSION = 1;
				DEVELOPMENT_TEAM = 7RLDYXQTNX;
				ENABLE_PREVIEWS = YES;
				GENERATE_INFOPLIST_FILE = YES;
				INFOPLIST_FILE = "SmartRingWatcher Watch App/Info.plist";
				INFOPLIST_KEY_CFBundleDisplayName = SmartRing;
				LD_RUNPATH_SEARCH_PATHS = (
					"$(inherited)",
					"@executable_path/Frameworks",
				);
				MARKETING_VERSION = 1.0;
				PRODUCT_BUNDLE_IDENTIFIER = "$(RING_BUNDLE_ID_PREFIX).watchkitapp";
				PRODUCT_NAME = "$(TARGET_NAME)";
				SDKROOT = watchos;
				SWIFT_EMIT_LOC_STRINGS = YES;
				SWIFT_VERSION = 6.0;
				TARGETED_DEVICE_FAMILY = 4;
				WATCHOS_DEPLOYMENT_TARGET = 10.0;
			};
			name = Debug;
		};
/* End XCBuildConfiguration section */

/* Begin XCConfigurationList section */
		BD1C63AF33280BE5F2B9931D /* Build configuration list for PBXProject "SmartRingWatcher" */ = {
			isa = XCConfigurationList;
			buildConfigurations = (
				3307510454EEBDE421F6866F /* Debug */,
				0FD23978195C99C14C3732B5 /* Release */,
			);
			defaultConfigurationIsVisible = 0;
			defaultConfigurationName = Release;
		};
		D1BB39AEB48976A56F3E6D0C /* Build configuration list for PBXNativeTarget "SmartRingWatcher Watch App" */ = {
			isa = XCConfigurationList;
			buildConfigurations = (
				F350ADA50AC3AAF20273A4FA /* Debug */,
				E0663D122ED458CD9A74CB9A /* Release */,
			);
			defaultConfigurationIsVisible = 0;
			defaultConfigurationName = Release;
		};
		8586E269B31139BC38461664 /* Build configuration list for PBXNativeTarget "SmartRingWatcher Widget" */ = {
			isa = XCConfigurationList;
			buildConfigurations = (
				C4BDD8ADDAE59BDC7C4ED455 /* Debug */,
				8132E4AE3C0947D193BD5962 /* Release */,
			);
			defaultConfigurationIsVisible = 0;
			defaultConfigurationName = Release;
		};
/* End XCConfigurationList section */
	};
	rootObject = 4DD9AF86443E9788D89C4975 /* Project object */;
}
